
Microsoft Visual Studio Solution File, Format Version 12.00
# Visual Studio 15
VisualStudioVersion = 15.0.28307.1340
MinimumVisualStudioVersion = 10.0.40219.1
Project("{9A19103F-16F7-4668-BE54-9A1E7A4F7556}") = "KampIntro", "KampIntro\KampIntro.csproj", "{6D25B23D-3D9E-45C8-8A94-FA9486B077AE}"
EndProject
Project("{9A19103F-16F7-4668-BE54-9A1E7A4F7556}") = "Donguler", "Donguler\Donguler.csproj", "{05873D7F-1408-4B79-A975-F7BA5F22D7D1}"
EndProject
Project("{9A19103F-16F7-4668-BE54-9A1E7A4F7556}") = "ClassIntro", "ClassIntro\ClassIntro.csproj", "{2EF0CE0E-1245-4C67-97D0-934493328040}"
EndProject
Project("{9A19103F-16F7-4668-BE54-9A1E7A4F7556}") = "odev", "odev\odev.csproj", "{7FA8763A-2D0A-4F19-9211-AE1E4232602F}"
EndProject
Project("{9A19103F-16F7-4668-BE54-9A1E7A4F7556}") = "Metotlar", "Metotlar\Metotlar.csproj", "{943C2118-1969-45B4-88BC-E187F3E69D23}"
EndProject
Project("{9A19103F-16F7-4668-BE54-9A1E7A4F7556}") = "Matematik", "Matematik\Matematik.csproj", "{53D040F8-C1EE-4A92-A357-E6374CF6936A}"
EndProject
Project("{9A19103F-16F7-4668-BE54-9A1E7A4F7556}") = "DegerVeReferansTipler", "DegerVeReferansTipler\DegerVeReferansTipler.csproj", "{FBB04CA0-8707-4945-A97B-83A26874A4B9}"
EndProject
Project("{9A19103F-16F7-4668-BE54-9A1E7A4F7556}") = "Methods", "Methods\Methods.csproj", "{D19B6F1A-5831-4E59-A50C-4FD342F8EC36}"
EndProject
Project("{9A19103F-16F7-4668-BE54-9A1E7A4F7556}") = "MusteriMetotDemo", "MusteriMetotDemo\MusteriMetotDemo.csproj", "{EF22FE59-FC8B-415F-B8C1-F64CF191F7AA}"
EndProject
Project("{9A19103F-16F7-4668-BE54-9A1E7A4F7556}") = "OOP1", "OOP1\OOP1.csproj", "{D18F5A65-76C4-4803-B39A-377BF99DCD6B}"
EndProject
Project("{9A19103F-16F7-4668-BE54-9A1E7A4F7556}") = "Koleksiyonlar", "OOP2\Koleksiyonlar.csproj", "{A3C110DB-FCA6-4410-8221-D2065128353B}"
EndProject
Project("{9A19103F-16F7-4668-BE54-9A1E7A4F7556}") = "GenericsIntro", "GenericsIntro\GenericsIntro.csproj", "{1EBA3675-CDDF-4CED-845B-DEF625713E70}"
EndProject
Project("{9A19103F-16F7-4668-BE54-9A1E7A4F7556}") = "ReferansTypes", "ReferansTypes\ReferansTypes.csproj", "{CB660D6B-639D-4C09-8707-419A0DF7CF4D}"
EndProject
Project("{9A19103F-16F7-4668-BE54-9A1E7A4F7556}") = "Constructers", "Constructers\Constructers.csproj", "{B8014CBF-40DF-48D3-8FF0-B0802F9ECF0B}"
EndProject
Project("{9A19103F-16F7-4668-BE54-9A1E7A4F7556}") = "Generics", "Generics\Generics.csproj", "{7E139E60-D92D-4F65-B602-0357926893CB}"
EndProject
Project("{FAE04EC0-301F-11D3-BF4B-00C04F79EFBC}") = "DictionaryKAvrami", "DictionaryKAvrami\DictionaryKAvrami.csproj", "{F4A92733-9E96-4E85-B566-7929C4C4A020}"
EndProject
Project("{FAE04EC0-301F-11D3-BF4B-00C04F79EFBC}") = "Day4HomeWork", "Day4HomeWork\Day4HomeWork.csproj", "{F6102B11-FD5E-43CE-8D32-636194761DF2}"
EndProject
Global
	GlobalSection(SolutionConfigurationPlatforms) = preSolution
		Debug|Any CPU = Debug|Any CPU
		Release|Any CPU = Release|Any CPU
	EndGlobalSection
	GlobalSection(ProjectConfigurationPlatforms) = postSolution
		{6D25B23D-3D9E-45C8-8A94-FA9486B077AE}.Debug|Any CPU.ActiveCfg = Debug|Any CPU
		{6D25B23D-3D9E-45C8-8A94-FA9486B077AE}.Debug|Any CPU.Build.0 = Debug|Any CPU
		{6D25B23D-3D9E-45C8-8A94-FA9486B077AE}.Release|Any CPU.ActiveCfg = Release|Any CPU
		{6D25B23D-3D9E-45C8-8A94-FA9486B077AE}.Release|Any CPU.Build.0 = Release|Any CPU
		{05873D7F-1408-4B79-A975-F7BA5F22D7D1}.Debug|Any CPU.ActiveCfg = Debug|Any CPU
		{05873D7F-1408-4B79-A975-F7BA5F22D7D1}.Debug|Any CPU.Build.0 = Debug|Any CPU
		{05873D7F-1408-4B79-A975-F7BA5F22D7D1}.Release|Any CPU.ActiveCfg = Release|Any CPU
		{05873D7F-1408-4B79-A975-F7BA5F22D7D1}.Release|Any CPU.Build.0 = Release|Any CPU
		{2EF0CE0E-1245-4C67-97D0-934493328040}.Debug|Any CPU.ActiveCfg = Debug|Any CPU
		{2EF0CE0E-1245-4C67-97D0-934493328040}.Debug|Any CPU.Build.0 = Debug|Any CPU
		{2EF0CE0E-1245-4C67-97D0-934493328040}.Release|Any CPU.ActiveCfg = Release|Any CPU
		{2EF0CE0E-1245-4C67-97D0-934493328040}.Release|Any CPU.Build.0 = Release|Any CPU
		{7FA8763A-2D0A-4F19-9211-AE1E4232602F}.Debug|Any CPU.ActiveCfg = Debug|Any CPU
		{7FA8763A-2D0A-4F19-9211-AE1E4232602F}.Debug|Any CPU.Build.0 = Debug|Any CPU
		{7FA8763A-2D0A-4F19-9211-AE1E4232602F}.Release|Any CPU.ActiveCfg = Release|Any CPU
		{7FA8763A-2D0A-4F19-9211-AE1E4232602F}.Release|Any CPU.Build.0 = Release|Any CPU
		{943C2118-1969-45B4-88BC-E187F3E69D23}.Debug|Any CPU.ActiveCfg = Debug|Any CPU
		{943C2118-1969-45B4-88BC-E187F3E69D23}.Debug|Any CPU.Build.0 = Debug|Any CPU
		{943C2118-1969-45B4-88BC-E187F3E69D23}.Release|Any CPU.ActiveCfg = Release|Any CPU
		{943C2118-1969-45B4-88BC-E187F3E69D23}.Release|Any CPU.Build.0 = Release|Any CPU
		{53D040F8-C1EE-4A92-A357-E6374CF6936A}.Debug|Any CPU.ActiveCfg = Debug|Any CPU
		{53D040F8-C1EE-4A92-A357-E6374CF6936A}.Debug|Any CPU.Build.0 = Debug|Any CPU
		{53D040F8-C1EE-4A92-A357-E6374CF6936A}.Release|Any CPU.ActiveCfg = Release|Any CPU
		{53D040F8-C1EE-4A92-A357-E6374CF6936A}.Release|Any CPU.Build.0 = Release|Any CPU
		{FBB04CA0-8707-4945-A97B-83A26874A4B9}.Debug|Any CPU.ActiveCfg = Debug|Any CPU
		{FBB04CA0-8707-4945-A97B-83A26874A4B9}.Debug|Any CPU.Build.0 = Debug|Any CPU
		{FBB04CA0-8707-4945-A97B-83A26874A4B9}.Release|Any CPU.ActiveCfg = Release|Any CPU
		{FBB04CA0-8707-4945-A97B-83A26874A4B9}.Release|Any CPU.Build.0 = Release|Any CPU
		{D19B6F1A-5831-4E59-A50C-4FD342F8EC36}.Debug|Any CPU.ActiveCfg = Debug|Any CPU
		{D19B6F1A-5831-4E59-A50C-4FD342F8EC36}.Debug|Any CPU.Build.0 = Debug|Any CPU
		{D19B6F1A-5831-4E59-A50C-4FD342F8EC36}.Release|Any CPU.ActiveCfg = Release|Any CPU
		{D19B6F1A-5831-4E59-A50C-4FD342F8EC36}.Release|Any CPU.Build.0 = Release|Any CPU
		{EF22FE59-FC8B-415F-B8C1-F64CF191F7AA}.Debug|Any CPU.ActiveCfg = Debug|Any CPU
		{EF22FE59-FC8B-415F-B8C1-F64CF191F7AA}.Debug|Any CPU.Build.0 = Debug|Any CPU
		{EF22FE59-FC8B-415F-B8C1-F64CF191F7AA}.Release|Any CPU.ActiveCfg = Release|Any CPU
		{EF22FE59-FC8B-415F-B8C1-F64CF191F7AA}.Release|Any CPU.Build.0 = Release|Any CPU
		{D18F5A65-76C4-4803-B39A-377BF99DCD6B}.Debug|Any CPU.ActiveCfg = Debug|Any CPU
		{D18F5A65-76C4-4803-B39A-377BF99DCD6B}.Debug|Any CPU.Build.0 = Debug|Any CPU
		{D18F5A65-76C4-4803-B39A-377BF99DCD6B}.Release|Any CPU.ActiveCfg = Release|Any CPU
		{D18F5A65-76C4-4803-B39A-377BF99DCD6B}.Release|Any CPU.Build.0 = Release|Any CPU
		{A3C110DB-FCA6-4410-8221-D2065128353B}.Debug|Any CPU.ActiveCfg = Debug|Any CPU
		{A3C110DB-FCA6-4410-8221-D2065128353B}.Debug|Any CPU.Build.0 = Debug|Any CPU
		{A3C110DB-FCA6-4410-8221-D2065128353B}.Release|Any CPU.ActiveCfg = Release|Any CPU
		{A3C110DB-FCA6-4410-8221-D2065128353B}.Release|Any CPU.Build.0 = Release|Any CPU
		{1EBA3675-CDDF-4CED-845B-DEF625713E70}.Debug|Any CPU.ActiveCfg = Debug|Any CPU
		{1EBA3675-CDDF-4CED-845B-DEF625713E70}.Debug|Any CPU.Build.0 = Debug|Any CPU
		{1EBA3675-CDDF-4CED-845B-DEF625713E70}.Release|Any CPU.ActiveCfg = Release|Any CPU
		{1EBA3675-CDDF-4CED-845B-DEF625713E70}.Release|Any CPU.Build.0 = Release|Any CPU
		{CB660D6B-639D-4C09-8707-419A0DF7CF4D}.Debug|Any CPU.ActiveCfg = Debug|Any CPU
		{CB660D6B-639D-4C09-8707-419A0DF7CF4D}.Debug|Any CPU.Build.0 = Debug|Any CPU
		{CB660D6B-639D-4C09-8707-419A0DF7CF4D}.Release|Any CPU.ActiveCfg = Release|Any CPU
		{CB660D6B-639D-4C09-8707-419A0DF7CF4D}.Release|Any CPU.Build.0 = Release|Any CPU
		{B8014CBF-40DF-48D3-8FF0-B0802F9ECF0B}.Debug|Any CPU.ActiveCfg = Debug|Any CPU
		{B8014CBF-40DF-48D3-8FF0-B0802F9ECF0B}.Debug|Any CPU.Build.0 = Debug|Any CPU
		{B8014CBF-40DF-48D3-8FF0-B0802F9ECF0B}.Release|Any CPU.ActiveCfg = Release|Any CPU
		{B8014CBF-40DF-48D3-8FF0-B0802F9ECF0B}.Release|Any CPU.Build.0 = Release|Any CPU
		{7E139E60-D92D-4F65-B602-0357926893CB}.Debug|Any CPU.ActiveCfg = Debug|Any CPU
		{7E139E60-D92D-4F65-B602-0357926893CB}.Debug|Any CPU.Build.0 = Debug|Any CPU
		{7E139E60-D92D-4F65-B602-0357926893CB}.Release|Any CPU.ActiveCfg = Release|Any CPU
		{7E139E60-D92D-4F65-B602-0357926893CB}.Release|Any CPU.Build.0 = Release|Any CPU
		{F4A92733-9E96-4E85-B566-7929C4C4A020}.Debug|Any CPU.ActiveCfg = Debug|Any CPU
		{F4A92733-9E96-4E85-B566-7929C4C4A020}.Debug|Any CPU.Build.0 = Debug|Any CPU
		{F4A92733-9E96-4E85-B566-7929C4C4A020}.Release|Any CPU.ActiveCfg = Release|Any CPU
		{F4A92733-9E96-4E85-B566-7929C4C4A020}.Release|Any CPU.Build.0 = Release|Any CPU
		{F6102B11-FD5E-43CE-8D32-636194761DF2}.Debug|Any CPU.ActiveCfg = Debug|Any CPU
		{F6102B11-FD5E-43CE-8D32-636194761DF2}.Debug|Any CPU.Build.0 = Debug|Any CPU
		{F6102B11-FD5E-43CE-8D32-636194761DF2}.Release|Any CPU.ActiveCfg = Release|Any CPU
		{F6102B11-FD5E-43CE-8D32-636194761DF2}.Release|Any CPU.Build.0 = Release|Any CPU
	EndGlobalSection
	GlobalSection(SolutionProperties) = preSolution
		HideSolutionNode = FALSE
	EndGlobalSection
	GlobalSection(ExtensibilityGlobals) = postSolution
		SolutionGuid = {1427BDD5-26C5-4403-9E49-B30E4801D19F}
	EndGlobalSection
EndGlobal
